
Microsoft Visual Studio Solution File, Format Version 12.00
# Visual Studio Version 16
VisualStudioVersion = 16.0.30225.117
MinimumVisualStudioVersion = 10.0.40219.1
Project("{FAE04EC0-301F-11D3-BF4B-00C04F79EFBC}") = "Stock", "Stock\Stock.csproj", "{7FCBC07C-1E54-46A4-A12D-6909569E597D}"
EndProject
Global
	GlobalSection(SolutionConfigurationPlatforms) = preSolution
		Debug|Any CPU = Debug|Any CPU
		Release|Any CPU = Release|Any CPU
	EndGlobalSection
	GlobalSection(ProjectConfigurationPlatforms) = postSolution
		{7FCBC07C-1E54-46A4-A12D-6909569E597D}.Debug|Any CPU.ActiveCfg = Debug|Any CPU
		{7FCBC07C-1E54-46A4-A12D-6909569E597D}.Debug|Any CPU.Build.0 = Debug|Any CPU
		{7FCBC07C-1E54-46A4-A12D-6909569E597D}.Release|Any CPU.ActiveCfg = Release|Any CPU
		{7FCBC07C-1E54-46A4-A12D-6909569E597D}.Release|Any CPU.Build.0 = Release|Any CPU
	EndGlobalSection
	GlobalSection(SolutionProperties) = preSolution
		HideSolutionNode = FALSE
	EndGlobalSection
	GlobalSection(ExtensibilityGlobals) = postSolution
		SolutionGuid = {F4A8955A-D1DE-4AD0-B934-66B1BCF05F1F}
	EndGlobalSection
EndGlobal
